
Microsoft Visual Studio Solution File, Format Version 12.00
# Visual Studio Version 16
VisualStudioVersion = 16.0.31729.503
MinimumVisualStudioVersion = 10.0.40219.1
Project("{FAE04EC0-301F-11D3-BF4B-00C04F79EFBC}") = "EpamDashkevichLab6", "EpamDashkevichLab6\EpamDashkevichLab6.csproj", "{DFAE1329-8BB8-4858-868E-9492AD7E2A93}"
EndProject
Global
	GlobalSection(SolutionConfigurationPlatforms) = preSolution
		Debug|Any CPU = Debug|Any CPU
		Release|Any CPU = Release|Any CPU
	EndGlobalSection
	GlobalSection(ProjectConfigurationPlatforms) = postSolution
		{DFAE1329-8BB8-4858-868E-9492AD7E2A93}.Debug|Any CPU.ActiveCfg = Debug|Any CPU
		{DFAE1329-8BB8-4858-868E-9492AD7E2A93}.Debug|Any CPU.Build.0 = Debug|Any CPU
		{DFAE1329-8BB8-4858-868E-9492AD7E2A93}.Release|Any CPU.ActiveCfg = Release|Any CPU
		{DFAE1329-8BB8-4858-868E-9492AD7E2A93}.Release|Any CPU.Build.0 = Release|Any CPU
	EndGlobalSection
	GlobalSection(SolutionProperties) = preSolution
		HideSolutionNode = FALSE
	EndGlobalSection
	GlobalSection(ExtensibilityGlobals) = postSolution
		SolutionGuid = {7EF0011A-0349-48C6-BC5D-129C70E9BD67}
	EndGlobalSection
EndGlobal
